{
  "name": "crud-generator-cli",
  "version": "1.0.1",
  "lockfileVersion": 3,
  "requires": true,
  "packages": {
    "": {
      "name": "crud-generator-cli",
      "version": "1.0.1",
      "license": "MIT",
      "dependencies": {
        "crud-generator-cli": "^1.0.1"
      },
      "bin": {
        "crud-generator": "crud-generator.js"
      }
    },
    "node_modules/crud-generator-cli": {
      "version": "1.0.1",
      "resolved": "https://registry.npmjs.org/crud-generator-cli/-/crud-generator-cli-1.0.1.tgz",
      "integrity": "sha512-F5wOJ+G3V5P2wHGAVegjeYV8mCdd1mEeKffOWmAmefvPrqXqBdJBB6ynEYdOp9UOMhxdf5Ca8/gKajJdcnS7hw==",
      "license": "MIT",
      "dependencies": {
        "crud-generator-cli": "^1.0.0"
      },
      "bin": {
        "crud-generator": "crud-generator.js"
      }
    }
  }
}
